
Microsoft Visual Studio Solution File, Format Version 11.00
# Visual Studio 2010
Project("{8BC9CEB8-8B4A-11D0-8D11-00A0C91BC942}") = "SRegister", "SRegister\SRegister.vcxproj", "{89540859-B3DA-4C5C-96F3-01A861245C34}"
EndProject
Project("{FAE04EC0-301F-11D3-BF4B-00C04F79EFBC}") = "ARegister", "ARegister\ARegister.csproj", "{D1C9F6FC-2870-4612-AECA-0BEE1D04B2C9}"
EndProject
Global
	GlobalSection(SolutionConfigurationPlatforms) = preSolution
		Debug|Any CPU = Debug|Any CPU
		Debug|Mixed Platforms = Debug|Mixed Platforms
		Debug|Win32 = Debug|Win32
		Debug|x86 = Debug|x86
		Release|Any CPU = Release|Any CPU
		Release|Mixed Platforms = Release|Mixed Platforms
		Release|Win32 = Release|Win32
		Release|x86 = Release|x86
	EndGlobalSection
	GlobalSection(ProjectConfigurationPlatforms) = postSolution
		{89540859-B3DA-4C5C-96F3-01A861245C34}.Debug|Any CPU.ActiveCfg = Debug|Win32
		{89540859-B3DA-4C5C-96F3-01A861245C34}.Debug|Mixed Platforms.ActiveCfg = Debug|Win32
		{89540859-B3DA-4C5C-96F3-01A861245C34}.Debug|Mixed Platforms.Build.0 = Debug|Win32
		{89540859-B3DA-4C5C-96F3-01A861245C34}.Debug|Win32.ActiveCfg = Debug|Win32
		{89540859-B3DA-4C5C-96F3-01A861245C34}.Debug|Win32.Build.0 = Debug|Win32
		{89540859-B3DA-4C5C-96F3-01A861245C34}.Debug|x86.ActiveCfg = Debug|Win32
		{89540859-B3DA-4C5C-96F3-01A861245C34}.Release|Any CPU.ActiveCfg = Release|Win32
		{89540859-B3DA-4C5C-96F3-01A861245C34}.Release|Mixed Platforms.ActiveCfg = Release|Win32
		{89540859-B3DA-4C5C-96F3-01A861245C34}.Release|Mixed Platforms.Build.0 = Release|Win32
		{89540859-B3DA-4C5C-96F3-01A861245C34}.Release|Win32.ActiveCfg = Release|Win32
		{89540859-B3DA-4C5C-96F3-01A861245C34}.Release|Win32.Build.0 = Release|Win32
		{89540859-B3DA-4C5C-96F3-01A861245C34}.Release|x86.ActiveCfg = Release|Win32
		{D1C9F6FC-2870-4612-AECA-0BEE1D04B2C9}.Debug|Any CPU.ActiveCfg = Debug|Any CPU
		{D1C9F6FC-2870-4612-AECA-0BEE1D04B2C9}.Debug|Any CPU.Build.0 = Debug|Any CPU
		{D1C9F6FC-2870-4612-AECA-0BEE1D04B2C9}.Debug|Mixed Platforms.ActiveCfg = Debug|Any CPU
		{D1C9F6FC-2870-4612-AECA-0BEE1D04B2C9}.Debug|Mixed Platforms.Build.0 = Debug|Any CPU
		{D1C9F6FC-2870-4612-AECA-0BEE1D04B2C9}.Debug|Win32.ActiveCfg = Debug|Any CPU
		{D1C9F6FC-2870-4612-AECA-0BEE1D04B2C9}.Debug|x86.ActiveCfg = Debug|Any CPU
		{D1C9F6FC-2870-4612-AECA-0BEE1D04B2C9}.Release|Any CPU.ActiveCfg = Release|Any CPU
		{D1C9F6FC-2870-4612-AECA-0BEE1D04B2C9}.Release|Any CPU.Build.0 = Release|Any CPU
		{D1C9F6FC-2870-4612-AECA-0BEE1D04B2C9}.Release|Mixed Platforms.ActiveCfg = Release|Any CPU
		{D1C9F6FC-2870-4612-AECA-0BEE1D04B2C9}.Release|Mixed Platforms.Build.0 = Release|Any CPU
		{D1C9F6FC-2870-4612-AECA-0BEE1D04B2C9}.Release|Win32.ActiveCfg = Release|Any CPU
		{D1C9F6FC-2870-4612-AECA-0BEE1D04B2C9}.Release|x86.ActiveCfg = Release|Any CPU
	EndGlobalSection
	GlobalSection(SolutionProperties) = preSolution
		HideSolutionNode = FALSE
	EndGlobalSection
EndGlobal
